# THIS IS AN AUTOGENERATED FILE. DO NOT EDIT THIS FILE DIRECTLY.
# yarn lockfile v1


"@rmw/config@^0.0.25":
  version "0.0.25"
  resolved "https://registry.npmmirror.com/@rmw/config/download/@rmw/config-0.0.25.tgz#e7d230933fd93aa89a5b29e64c7752b1cc28c504"
  integrity sha1-59Iwkz/ZOqiaWynmTHdSscwoxQQ=
  dependencies:
    "@rmw/env" "^0.0.17"
    yaml "^2.0.0-0"

"@rmw/console@^0.0.20":
  version "0.0.20"
  resolved "https://registry.npmmirror.com/@rmw/console/download/@rmw/console-0.0.20.tgz#bf474760811981eb153499f59cb311a79e33be38"
  integrity sha512-lh08cRJ4OIqoXOyodgv9JOZyNA2N9xb/oNUQxTVKs8s6zB/MYnVxq2ua6Lv1Z3Sk4uGpW9Q8KICqqvr3E7z9Iw==
  dependencies:
    "@rmw/config" "^0.0.25"
    "@rmw/env" "^0.0.17"
    "@rmw/signale" "^1.4.6"

"@rmw/env@^0.0.17":
  version "0.0.17"
  resolved "https://registry.npmmirror.com/@rmw/env/download/@rmw/env-0.0.17.tgz#18a4bd5a24063efb955e93757adf6235ede06d0f"
  integrity sha1-GKS9WiQGPvuVXpN1et9iNe3gbQ8=

"@rmw/md-include@^0.4.8":
  version "0.4.8"
  resolved "https://registry.npmmirror.com/@rmw/md-include/download/@rmw/md-include-0.4.8.tgz#a24d04f883fc55dfd9bab130868c6dc253c865c8"
  integrity sha512-wH8/fS9HgF3QFJOLTbkUl2w98wLh64VZvAlVjBkZ7ymZO3vzSKbjP0aW9ksZ+mPwvwzgdf0YbBgZakzuTnp9tw==
  dependencies:
    q "^1.5.1"

"@rmw/signale@^1.4.6":
  version "1.4.6"
  resolved "https://registry.npmmirror.com/@rmw/signale/download/@rmw/signale-1.4.6.tgz#de648458a4958f896c68af85e26ab1ae0e1fca68"
  integrity sha512-1vksiUNyK7NTvBfKYJb98XSGL1EXgnYrFFy32cYQqS+dsIdJfKN6xMq2TTwPMoCiz+5V7vEpYu8ciKE9jJDLpQ==
  dependencies:
    chalk "^2.3.2"
    dayjs "^1.8.35"
    figures "^2.0.0"
    moment-timezone "^0.5.31"
    pkg-conf "^2.1.0"

"@rmw/source-map-support@^0.5.22":
  version "0.5.22"
  resolved "https://registry.npmmirror.com/@rmw/source-map-support/download/@rmw/source-map-support-0.5.22.tgz#763019e57b415a25f1cfd5a8d1bb02d9ce9cf6b1"
  integrity sha512-hluy2sy+IF4Pg8p29QtKs5w0shqY93TNHVveKWYFUp850oHOtXEWxGk73yVIm4brv31W7Hd/ADUQDEu2TuQX0w==
  dependencies:
    buffer-from "^1.0.0"
    source-map "^0.6.0"

ansi-styles@^3.2.1:
  version "3.2.1"
  resolved "https://registry.npmmirror.com/ansi-styles/download/ansi-styles-3.2.1.tgz?cache=0&sync_timestamp=1632467368382&other_urls=https%3A%2F%2Fregistry.npmmirror.com%2Fansi-styles%2Fdownload%2Fansi-styles-3.2.1.tgz#41fbb20243e50b12be0f04b8dedbf07520ce841d"
  integrity sha1-QfuyAkPlCxK+DwS43tvwdSDOhB0=
  dependencies:
    color-convert "^1.9.0"

buffer-from@^1.0.0:
  version "1.1.2"
  resolved "https://registry.npmmirror.com/buffer-from/download/buffer-from-1.1.2.tgz#2b146a6fd72e80b4f55d255f35ed59a3a9a41bd5"
  integrity sha1-KxRqb9cugLT1XSVfNe1Zo6mkG9U=

chalk@^2.3.2:
  version "2.4.2"
  resolved "https://registry.npmmirror.com/chalk/download/chalk-2.4.2.tgz#cd42541677a54333cf541a49108c1432b44c9424"
  integrity sha1-zUJUFnelQzPPVBpJEIwUMrRMlCQ=
  dependencies:
    ansi-styles "^3.2.1"
    escape-string-regexp "^1.0.5"
    supports-color "^5.3.0"

coffeescript@^2.6.1:
  version "2.6.1"
  resolved "https://registry.npmmirror.com/coffeescript/download/coffeescript-2.6.1.tgz#f9e5d4930e1b8a1c5cfba7f95eebd18694ce58fd"
  integrity sha1-+eXUkw4bihxc+6f5XuvRhpTOWP0=

color-convert@^1.9.0:
  version "1.9.3"
  resolved "https://registry.npmmirror.com/color-convert/download/color-convert-1.9.3.tgz#bb71850690e1f136567de629d2d5471deda4c1e8"
  integrity sha1-u3GFBpDh8TZWfeYp0tVHHe2kweg=
  dependencies:
    color-name "1.1.3"

color-name@1.1.3:
  version "1.1.3"
  resolved "https://registry.npmmirror.com/color-name/download/color-name-1.1.3.tgz#a7d0558bd89c42f795dd42328f740831ca53bc25"
  integrity sha1-p9BVi9icQveV3UIyj3QIMcpTvCU=

dayjs@^1.8.35:
  version "1.10.7"
  resolved "https://registry.npmmirror.com/dayjs/download/dayjs-1.10.7.tgz#2cf5f91add28116748440866a0a1d26f3a6ce468"
  integrity sha512-P6twpd70BcPK34K26uJ1KT3wlhpuOAPoMwJzpsIWUxHZ7wpmbdZL/hQqBDfz7hGurYSa5PhzdhDHtt319hL3ig==

error-ex@^1.3.1:
  version "1.3.2"
  resolved "https://registry.npmmirror.com/error-ex/download/error-ex-1.3.2.tgz#b4ac40648107fdcdcfae242f428bea8a14d4f1bf"
  integrity sha1-tKxAZIEH/c3PriQvQovqihTU8b8=
  dependencies:
    is-arrayish "^0.2.1"

escape-string-regexp@^1.0.5:
  version "1.0.5"
  resolved "https://registry.npmmirror.com/escape-string-regexp/download/escape-string-regexp-1.0.5.tgz#1b61c0562190a8dff6ae3bb2cf0200ca130b86d4"
  integrity sha1-G2HAViGQqN/2rjuyzwIAyhMLhtQ=

figures@^2.0.0:
  version "2.0.0"
  resolved "https://registry.npmmirror.com/figures/download/figures-2.0.0.tgz?cache=0&sync_timestamp=1632753977164&other_urls=https%3A%2F%2Fregistry.npmmirror.com%2Ffigures%2Fdownload%2Ffigures-2.0.0.tgz#3ab1a2d2a62c8bfb431a0c94cb797a2fce27c962"
  integrity sha1-OrGi0qYsi/tDGgyUy3l6L84nyWI=
  dependencies:
    escape-string-regexp "^1.0.5"

find-up@^2.0.0:
  version "2.1.0"
  resolved "https://registry.npmmirror.com/find-up/download/find-up-2.1.0.tgz?cache=0&sync_timestamp=1633619060464&other_urls=https%3A%2F%2Fregistry.npmmirror.com%2Ffind-up%2Fdownload%2Ffind-up-2.1.0.tgz#45d1b7e506c717ddd482775a2b77920a3c0c57a7"
  integrity sha1-RdG35QbHF93UgndaK3eSCjwMV6c=
  dependencies:
    locate-path "^2.0.0"

graceful-fs@^4.1.2:
  version "4.2.8"
  resolved "https://registry.npmmirror.com/graceful-fs/download/graceful-fs-4.2.8.tgz#e412b8d33f5e006593cbd3cee6df9f2cebbe802a"
  integrity sha1-5BK40z9eAGWTy9PO5t+fLOu+gCo=

has-flag@^3.0.0:
  version "3.0.0"
  resolved "https://registry.npmmirror.com/has-flag/download/has-flag-3.0.0.tgz#b5d454dc2199ae225699f3467e5a07f3b955bafd"
  integrity sha1-tdRU3CGZriJWmfNGfloH87lVuv0=

is-arrayish@^0.2.1:
  version "0.2.1"
  resolved "https://registry.npmmirror.com/is-arrayish/download/is-arrayish-0.2.1.tgz#77c99840527aa8ecb1a8ba697b80645a7a926a9d"
  integrity sha1-d8mYQFJ6qOyxqLppe4BkWnqSap0=

json-parse-better-errors@^1.0.1:
  version "1.0.2"
  resolved "https://registry.npmmirror.com/json-parse-better-errors/download/json-parse-better-errors-1.0.2.tgz#bb867cfb3450e69107c131d1c514bab3dc8bcaa9"
  integrity sha1-u4Z8+zRQ5pEHwTHRxRS6s9yLyqk=

load-json-file@^4.0.0:
  version "4.0.0"
  resolved "https://registry.npmmirror.com/load-json-file/download/load-json-file-4.0.0.tgz#2f5f45ab91e33216234fd53adab668eb4ec0993b"
  integrity sha1-L19Fq5HjMhYjT9U62rZo607AmTs=
  dependencies:
    graceful-fs "^4.1.2"
    parse-json "^4.0.0"
    pify "^3.0.0"
    strip-bom "^3.0.0"

locate-path@^2.0.0:
  version "2.0.0"
  resolved "https://registry.npmmirror.com/locate-path/download/locate-path-2.0.0.tgz#2b568b265eec944c6d9c0de9c3dbbbca0354cd8e"
  integrity sha1-K1aLJl7slExtnA3pw9u7ygNUzY4=
  dependencies:
    p-locate "^2.0.0"
    path-exists "^3.0.0"

moment-timezone@^0.5.31:
  version "0.5.34"
  resolved "https://registry.npmmirror.com/moment-timezone/download/moment-timezone-0.5.34.tgz#a75938f7476b88f155d3504a9343f7519d9a405c"
  integrity sha512-3zAEHh2hKUs3EXLESx/wsgw6IQdusOT8Bxm3D9UrHPQR7zlMmzwybC8zHEM1tQ4LJwP7fcxrWr8tuBg05fFCbg==
  dependencies:
    moment ">= 2.9.0"

"moment@>= 2.9.0":
  version "2.29.1"
  resolved "https://registry.npmmirror.com/moment/download/moment-2.29.1.tgz#b2be769fa31940be9eeea6469c075e35006fa3d3"
  integrity sha1-sr52n6MZQL6e7qZGnAdeNQBvo9M=

p-limit@^1.1.0:
  version "1.3.0"
  resolved "https://registry.npmmirror.com/p-limit/download/p-limit-1.3.0.tgz#b86bd5f0c25690911c7590fcbfc2010d54b3ccb8"
  integrity sha1-uGvV8MJWkJEcdZD8v8IBDVSzzLg=
  dependencies:
    p-try "^1.0.0"

p-locate@^2.0.0:
  version "2.0.0"
  resolved "https://registry.npmmirror.com/p-locate/download/p-locate-2.0.0.tgz#20a0103b222a70c8fd39cc2e580680f3dde5ec43"
  integrity sha1-IKAQOyIqcMj9OcwuWAaA893l7EM=
  dependencies:
    p-limit "^1.1.0"

p-try@^1.0.0:
  version "1.0.0"
  resolved "https://registry.npmmirror.com/p-try/download/p-try-1.0.0.tgz?cache=0&sync_timestamp=1633364506847&other_urls=https%3A%2F%2Fregistry.npmmirror.com%2Fp-try%2Fdownload%2Fp-try-1.0.0.tgz#cbc79cdbaf8fd4228e13f621f2b1a237c1b207b3"
  integrity sha1-y8ec26+P1CKOE/Yh8rGiN8GyB7M=

parse-json@^4.0.0:
  version "4.0.0"
  resolved "https://registry.npmmirror.com/parse-json/download/parse-json-4.0.0.tgz?cache=0&sync_timestamp=1637475707758&other_urls=https%3A%2F%2Fregistry.npmmirror.com%2Fparse-json%2Fdownload%2Fparse-json-4.0.0.tgz#be35f5425be1f7f6c747184f98a788cb99477ee0"
  integrity sha1-vjX1Qlvh9/bHRxhPmKeIy5lHfuA=
  dependencies:
    error-ex "^1.3.1"
    json-parse-better-errors "^1.0.1"

path-exists@^3.0.0:
  version "3.0.0"
  resolved "https://registry.npmmirror.com/path-exists/download/path-exists-3.0.0.tgz#ce0ebeaa5f78cb18925ea7d810d7b59b010fd515"
  integrity sha1-zg6+ql94yxiSXqfYENe1mwEP1RU=

pify@^3.0.0:
  version "3.0.0"
  resolved "https://registry.npmmirror.com/pify/download/pify-3.0.0.tgz#e5a4acd2c101fdf3d9a4d07f0dbc4db49dd28176"
  integrity sha1-5aSs0sEB/fPZpNB/DbxNtJ3SgXY=

pkg-conf@^2.1.0:
  version "2.1.0"
  resolved "https://registry.npmmirror.com/pkg-conf/download/pkg-conf-2.1.0.tgz#2126514ca6f2abfebd168596df18ba57867f0058"
  integrity sha1-ISZRTKbyq/69FoWW3xi6V4Z/AFg=
  dependencies:
    find-up "^2.0.0"
    load-json-file "^4.0.0"

q@^1.5.1:
  version "1.5.1"
  resolved "https://registry.npmmirror.com/q/download/q-1.5.1.tgz#7e32f75b41381291d04611f1bf14109ac00651d7"
  integrity sha1-fjL3W0E4EpHQRhHxvxQQmsAGUdc=

source-map@^0.6.0:
  version "0.6.1"
  resolved "https://registry.npmmirror.com/source-map/download/source-map-0.6.1.tgz#74722af32e9614e9c287a8d0bbde48b5e2f1a263"
  integrity sha1-dHIq8y6WFOnCh6jQu95IteLxomM=

strip-bom@^3.0.0:
  version "3.0.0"
  resolved "https://registry.npmmirror.com/strip-bom/download/strip-bom-3.0.0.tgz#2334c18e9c759f7bdd56fdef7e9ae3d588e68ed3"
  integrity sha1-IzTBjpx1n3vdVv3vfprj1YjmjtM=

supports-color@^5.3.0:
  version "5.5.0"
  resolved "https://registry.npmmirror.com/supports-color/download/supports-color-5.5.0.tgz#e2e69a44ac8772f78a1ec0b35b689df6530efc8f"
  integrity sha1-4uaaRKyHcveKHsCzW2id9lMO/I8=
  dependencies:
    has-flag "^3.0.0"

yaml@^2.0.0-0:
  version "2.0.0-9"
  resolved "https://registry.npmmirror.com/yaml/download/yaml-2.0.0-9.tgz?cache=0&sync_timestamp=1636797961090&other_urls=https%3A%2F%2Fregistry.npmmirror.com%2Fyaml%2Fdownload%2Fyaml-2.0.0-9.tgz#0099f0645d1ffa686a2c5141b6da340f545d3634"
  integrity sha512-Bf2KowHjyVkIIiGMt7+fbhmlvKOaE8DWuD07bnL4+FQ9sPmEl/5IzGpBpoxPqOaHuyasBjJhyXDcISpJWfhCGw==
